
Microsoft Visual Studio Solution File, Format Version 12.00
# Visual Studio Version 17
VisualStudioVersion = 17.0.31903.59
MinimumVisualStudioVersion = 10.0.40219.1
Project("{FAE04EC0-301F-11D3-BF4B-00C04F79EFBC}") = "Template.User.Server", "Server\Template.User.Server.csproj", "{0E21898F-FB17-47FC-B64D-DC1B8FE44EB2}"
EndProject
Project("{FAE04EC0-301F-11D3-BF4B-00C04F79EFBC}") = "Template.User.Client", "Client\Template.User.Client.csproj", "{23BFCFE9-D0EB-4BA0-9CDA-2EB5EFFE6AFA}"
EndProject
Project("{FAE04EC0-301F-11D3-BF4B-00C04F79EFBC}") = "Template.User.Shared", "Shared\Template.User.Shared.csproj", "{6A654BE1-81D2-42BC-8939-ACD33577CB91}"
EndProject
Global
	GlobalSection(SolutionConfigurationPlatforms) = preSolution
		Debug|Any CPU = Debug|Any CPU
		Release|Any CPU = Release|Any CPU
	EndGlobalSection
	GlobalSection(ProjectConfigurationPlatforms) = postSolution
		{0E21898F-FB17-47FC-B64D-DC1B8FE44EB2}.Debug|Any CPU.ActiveCfg = Debug|Any CPU
		{0E21898F-FB17-47FC-B64D-DC1B8FE44EB2}.Debug|Any CPU.Build.0 = Debug|Any CPU
		{0E21898F-FB17-47FC-B64D-DC1B8FE44EB2}.Release|Any CPU.ActiveCfg = Release|Any CPU
		{0E21898F-FB17-47FC-B64D-DC1B8FE44EB2}.Release|Any CPU.Build.0 = Release|Any CPU
		{23BFCFE9-D0EB-4BA0-9CDA-2EB5EFFE6AFA}.Debug|Any CPU.ActiveCfg = Debug|Any CPU
		{23BFCFE9-D0EB-4BA0-9CDA-2EB5EFFE6AFA}.Debug|Any CPU.Build.0 = Debug|Any CPU
		{23BFCFE9-D0EB-4BA0-9CDA-2EB5EFFE6AFA}.Release|Any CPU.ActiveCfg = Release|Any CPU
		{23BFCFE9-D0EB-4BA0-9CDA-2EB5EFFE6AFA}.Release|Any CPU.Build.0 = Release|Any CPU
		{6A654BE1-81D2-42BC-8939-ACD33577CB91}.Debug|Any CPU.ActiveCfg = Debug|Any CPU
		{6A654BE1-81D2-42BC-8939-ACD33577CB91}.Debug|Any CPU.Build.0 = Debug|Any CPU
		{6A654BE1-81D2-42BC-8939-ACD33577CB91}.Release|Any CPU.ActiveCfg = Release|Any CPU
		{6A654BE1-81D2-42BC-8939-ACD33577CB91}.Release|Any CPU.Build.0 = Release|Any CPU
	EndGlobalSection
	GlobalSection(SolutionProperties) = preSolution
		HideSolutionNode = FALSE
	EndGlobalSection
	GlobalSection(ExtensibilityGlobals) = postSolution
		SolutionGuid = {B775702A-BE8A-4DDD-9DB9-4378D6422C77}
	EndGlobalSection
EndGlobal
